
Microsoft Visual Studio Solution File, Format Version 12.00
# Visual Studio Version 17
VisualStudioVersion = 17.8.34525.116
MinimumVisualStudioVersion = 10.0.40219.1
Project("{2150E333-8FDC-42A3-9474-1A3956D46DE8}") = "Core", "Core", "{FA77B462-FF93-4DA8-844B-14F57CF8A85C}"
EndProject
Project("{2150E333-8FDC-42A3-9474-1A3956D46DE8}") = "Infrastructure", "Infrastructure", "{37F7F1E2-B9DC-4293-A31A-80138E98CA48}"
EndProject
Project("{2150E333-8FDC-42A3-9474-1A3956D46DE8}") = "Source", "Source", "{5BB1141C-2C29-40E5-ADF8-52893B8C68C4}"
EndProject
Project("{2150E333-8FDC-42A3-9474-1A3956D46DE8}") = "Presentation", "Presentation", "{EFAD51F1-2EED-42F1-8F76-7414F957FB5D}"
EndProject
Project("{FAE04EC0-301F-11D3-BF4B-00C04F79EFBC}") = "Domain", "Domain\Domain.csproj", "{C134F16C-AF1B-462B-801B-6367DBACFDD8}"
EndProject
Project("{FAE04EC0-301F-11D3-BF4B-00C04F79EFBC}") = "Application", "Application\Application.csproj", "{D884C51D-183C-40DD-8B7B-AA6E400AB312}"
EndProject
Project("{FAE04EC0-301F-11D3-BF4B-00C04F79EFBC}") = "Infrastructure", "Infrastructure\Infrastructure.csproj", "{72BFB445-5410-4231-85C4-ABF8903A4BCC}"
EndProject
Project("{FAE04EC0-301F-11D3-BF4B-00C04F79EFBC}") = "Presistance", "Presistance\Presistance.csproj", "{3DFAE2CB-E8BC-4EAD-99E7-5CC332AB8600}"
EndProject
Project("{FAE04EC0-301F-11D3-BF4B-00C04F79EFBC}") = "API", "API\API.csproj", "{CEEFF31B-9DB4-4697-AA2E-448F3C4C597F}"
EndProject
Global
	GlobalSection(SolutionConfigurationPlatforms) = preSolution
		Debug|Any CPU = Debug|Any CPU
		Release|Any CPU = Release|Any CPU
	EndGlobalSection
	GlobalSection(ProjectConfigurationPlatforms) = postSolution
		{C134F16C-AF1B-462B-801B-6367DBACFDD8}.Debug|Any CPU.ActiveCfg = Debug|Any CPU
		{C134F16C-AF1B-462B-801B-6367DBACFDD8}.Debug|Any CPU.Build.0 = Debug|Any CPU
		{C134F16C-AF1B-462B-801B-6367DBACFDD8}.Release|Any CPU.ActiveCfg = Release|Any CPU
		{C134F16C-AF1B-462B-801B-6367DBACFDD8}.Release|Any CPU.Build.0 = Release|Any CPU
		{D884C51D-183C-40DD-8B7B-AA6E400AB312}.Debug|Any CPU.ActiveCfg = Debug|Any CPU
		{D884C51D-183C-40DD-8B7B-AA6E400AB312}.Debug|Any CPU.Build.0 = Debug|Any CPU
		{D884C51D-183C-40DD-8B7B-AA6E400AB312}.Release|Any CPU.ActiveCfg = Release|Any CPU
		{D884C51D-183C-40DD-8B7B-AA6E400AB312}.Release|Any CPU.Build.0 = Release|Any CPU
		{72BFB445-5410-4231-85C4-ABF8903A4BCC}.Debug|Any CPU.ActiveCfg = Debug|Any CPU
		{72BFB445-5410-4231-85C4-ABF8903A4BCC}.Debug|Any CPU.Build.0 = Debug|Any CPU
		{72BFB445-5410-4231-85C4-ABF8903A4BCC}.Release|Any CPU.ActiveCfg = Release|Any CPU
		{72BFB445-5410-4231-85C4-ABF8903A4BCC}.Release|Any CPU.Build.0 = Release|Any CPU
		{3DFAE2CB-E8BC-4EAD-99E7-5CC332AB8600}.Debug|Any CPU.ActiveCfg = Debug|Any CPU
		{3DFAE2CB-E8BC-4EAD-99E7-5CC332AB8600}.Debug|Any CPU.Build.0 = Debug|Any CPU
		{3DFAE2CB-E8BC-4EAD-99E7-5CC332AB8600}.Release|Any CPU.ActiveCfg = Release|Any CPU
		{3DFAE2CB-E8BC-4EAD-99E7-5CC332AB8600}.Release|Any CPU.Build.0 = Release|Any CPU
		{CEEFF31B-9DB4-4697-AA2E-448F3C4C597F}.Debug|Any CPU.ActiveCfg = Debug|Any CPU
		{CEEFF31B-9DB4-4697-AA2E-448F3C4C597F}.Debug|Any CPU.Build.0 = Debug|Any CPU
		{CEEFF31B-9DB4-4697-AA2E-448F3C4C597F}.Release|Any CPU.ActiveCfg = Release|Any CPU
		{CEEFF31B-9DB4-4697-AA2E-448F3C4C597F}.Release|Any CPU.Build.0 = Release|Any CPU
	EndGlobalSection
	GlobalSection(SolutionProperties) = preSolution
		HideSolutionNode = FALSE
	EndGlobalSection
	GlobalSection(NestedProjects) = preSolution
		{FA77B462-FF93-4DA8-844B-14F57CF8A85C} = {5BB1141C-2C29-40E5-ADF8-52893B8C68C4}
		{37F7F1E2-B9DC-4293-A31A-80138E98CA48} = {5BB1141C-2C29-40E5-ADF8-52893B8C68C4}
		{EFAD51F1-2EED-42F1-8F76-7414F957FB5D} = {5BB1141C-2C29-40E5-ADF8-52893B8C68C4}
		{C134F16C-AF1B-462B-801B-6367DBACFDD8} = {FA77B462-FF93-4DA8-844B-14F57CF8A85C}
		{D884C51D-183C-40DD-8B7B-AA6E400AB312} = {FA77B462-FF93-4DA8-844B-14F57CF8A85C}
		{72BFB445-5410-4231-85C4-ABF8903A4BCC} = {37F7F1E2-B9DC-4293-A31A-80138E98CA48}
		{3DFAE2CB-E8BC-4EAD-99E7-5CC332AB8600} = {37F7F1E2-B9DC-4293-A31A-80138E98CA48}
		{CEEFF31B-9DB4-4697-AA2E-448F3C4C597F} = {EFAD51F1-2EED-42F1-8F76-7414F957FB5D}
	EndGlobalSection
	GlobalSection(ExtensibilityGlobals) = postSolution
		SolutionGuid = {A61F5713-3EF5-4FD8-BF7D-BD23475335B7}
	EndGlobalSection
EndGlobal
